// !$*UTF8*$!
{
	archiveVersion = 1;
	classes = {
	};
	objectVersion = 51;
	objects = {

/* Begin PBXBuildFile section */
		168A831702D8CA83714FC5B2 /* libPods-TravelspotTests.a in Frameworks */ = {isa = PBXBuildFile; fileRef = C2858C403839D59413F0B0AA /* libPods-TravelspotTests.a */; };
		52399C2485494DD6101F002A /* libPods-Travelspot.a in Frameworks */ = {isa = PBXBuildFile; fileRef = 0ADD38F4E63BEF9A9A1C8417 /* libPods-Travelspot.a */; };
		615A4CF3256FF57A00ECFD63 /* TabViewViewController.swift in Sources */ = {isa = PBXBuildFile; fileRef = 615A4CF2256FF57A00ECFD63 /* TabViewViewController.swift */; };
		615F1055256F8A25009F8E7B /* HomeViewController.swift in Sources */ = {isa = PBXBuildFile; fileRef = 615F1054256F8A25009F8E7B /* HomeViewController.swift */; };
		615F1063256F8C56009F8E7B /* FeedViewController.swift in Sources */ = {isa = PBXBuildFile; fileRef = 615F1062256F8C56009F8E7B /* FeedViewController.swift */; };
		615F1067256F8C73009F8E7B /* AddViewController.swift in Sources */ = {isa = PBXBuildFile; fileRef = 615F1066256F8C73009F8E7B /* AddViewController.swift */; };
		615F106B256F8C84009F8E7B /* DiscoverViewController.swift in Sources */ = {isa = PBXBuildFile; fileRef = 615F106A256F8C84009F8E7B /* DiscoverViewController.swift */; };
		615F106F256F8C9A009F8E7B /* ProfileViewController.swift in Sources */ = {isa = PBXBuildFile; fileRef = 615F106E256F8C9A009F8E7B /* ProfileViewController.swift */; };
		6162C2BB256F070B0056F1DE /* LoginEmail.swift in Sources */ = {isa = PBXBuildFile; fileRef = 6162C2BA256F07050056F1DE /* LoginEmail.swift */; };
		617BBEE825703EE0005C10E5 /* User.swift in Sources */ = {isa = PBXBuildFile; fileRef = 617BBEE725703EE0005C10E5 /* User.swift */; };
		61B2D1BB2565811F0010AF26 /* AppDelegate.swift in Sources */ = {isa = PBXBuildFile; fileRef = 61B2D1BA2565811F0010AF26 /* AppDelegate.swift */; };
		61B2D1BD2565811F0010AF26 /* SceneDelegate.swift in Sources */ = {isa = PBXBuildFile; fileRef = 61B2D1BC2565811F0010AF26 /* SceneDelegate.swift */; };
		61B2D1BF2565811F0010AF26 /* ViewController.swift in Sources */ = {isa = PBXBuildFile; fileRef = 61B2D1BE2565811F0010AF26 /* ViewController.swift */; };
		61B2D1C22565811F0010AF26 /* Main.storyboard in Resources */ = {isa = PBXBuildFile; fileRef = 61B2D1C02565811F0010AF26 /* Main.storyboard */; };
		61B2D1C52565811F0010AF26 /* Travelspot.xcdatamodeld in Sources */ = {isa = PBXBuildFile; fileRef = 61B2D1C32565811F0010AF26 /* Travelspot.xcdatamodeld */; };
		61B2D1C7256581200010AF26 /* Assets.xcassets in Resources */ = {isa = PBXBuildFile; fileRef = 61B2D1C6256581200010AF26 /* Assets.xcassets */; };
		61B2D1CA256581200010AF26 /* LaunchScreen.storyboard in Resources */ = {isa = PBXBuildFile; fileRef = 61B2D1C8256581200010AF26 /* LaunchScreen.storyboard */; };
		61B2D1D5256581200010AF26 /* TravelspotTests.swift in Sources */ = {isa = PBXBuildFile; fileRef = 61B2D1D4256581200010AF26 /* TravelspotTests.swift */; };
		61B2D1E0256581200010AF26 /* TravelspotUITests.swift in Sources */ = {isa = PBXBuildFile; fileRef = 61B2D1DF256581200010AF26 /* TravelspotUITests.swift */; };
		61B2D1F52565B2380010AF26 /* video.mp4 in Resources */ = {isa = PBXBuildFile; fileRef = 61B2D1F12565B1C60010AF26 /* video.mp4 */; };
		A169FC64BB959510D157AE75 /* libPods-Travelspot-TravelspotUITests.a in Frameworks */ = {isa = PBXBuildFile; fileRef = C940ADB460E392BF811D0DE5 /* libPods-Travelspot-TravelspotUITests.a */; };
/* End PBXBuildFile section */

/* Begin PBXContainerItemProxy section */
		61B2D1D1256581200010AF26 /* PBXContainerItemProxy */ = {
			isa = PBXContainerItemProxy;
			containerPortal = 61B2D1AF2565811F0010AF26 /* Project object */;
			proxyType = 1;
			remoteGlobalIDString = 61B2D1B62565811F0010AF26;
			remoteInfo = Travelspot;
		};
		61B2D1DC256581200010AF26 /* PBXContainerItemProxy */ = {
			isa = PBXContainerItemProxy;
			containerPortal = 61B2D1AF2565811F0010AF26 /* Project object */;
			proxyType = 1;
			remoteGlobalIDString = 61B2D1B62565811F0010AF26;
			remoteInfo = Travelspot;
		};
/* End PBXContainerItemProxy section */

/* Begin PBXCopyFilesBuildPhase section */
		61CA4FFA25697F51008B660C /* Embed Frameworks */ = {
			isa = PBXCopyFilesBuildPhase;
			buildActionMask = 2147483647;
			dstPath = "";
			dstSubfolderSpec = 10;
			files = (
			);
			name = "Embed Frameworks";
			runOnlyForDeploymentPostprocessing = 0;
		};
/* End PBXCopyFilesBuildPhase section */

/* Begin PBXFileReference section */
		0ADD38F4E63BEF9A9A1C8417 /* libPods-Travelspot.a */ = {isa = PBXFileReference; explicitFileType = archive.ar; includeInIndex = 0; path = "libPods-Travelspot.a"; sourceTree = BUILT_PRODUCTS_DIR; };
		39E3001A6687727099E1E3F7 /* Pods-TravelspotTests.debug.xcconfig */ = {isa = PBXFileReference; includeInIndex = 1; lastKnownFileType = text.xcconfig; name = "Pods-TravelspotTests.debug.xcconfig"; path = "Target Support Files/Pods-TravelspotTests/Pods-TravelspotTests.debug.xcconfig"; sourceTree = "<group>"; };
		615A4CF2256FF57A00ECFD63 /* TabViewViewController.swift */ = {isa = PBXFileReference; lastKnownFileType = sourcecode.swift; path = TabViewViewController.swift; sourceTree = "<group>"; };
		615F1054256F8A25009F8E7B /* HomeViewController.swift */ = {isa = PBXFileReference; lastKnownFileType = sourcecode.swift; path = HomeViewController.swift; sourceTree = "<group>"; };
		615F1062256F8C56009F8E7B /* FeedViewController.swift */ = {isa = PBXFileReference; lastKnownFileType = sourcecode.swift; path = FeedViewController.swift; sourceTree = "<group>"; };
		615F1066256F8C73009F8E7B /* AddViewController.swift */ = {isa = PBXFileReference; lastKnownFileType = sourcecode.swift; path = AddViewController.swift; sourceTree = "<group>"; };
		615F106A256F8C84009F8E7B /* DiscoverViewController.swift */ = {isa = PBXFileReference; lastKnownFileType = sourcecode.swift; path = DiscoverViewController.swift; sourceTree = "<group>"; };
		615F106E256F8C9A009F8E7B /* ProfileViewController.swift */ = {isa = PBXFileReference; lastKnownFileType = sourcecode.swift; path = ProfileViewController.swift; sourceTree = "<group>"; };
		6162C2BA256F07050056F1DE /* LoginEmail.swift */ = {isa = PBXFileReference; lastKnownFileType = sourcecode.swift; path = LoginEmail.swift; sourceTree = "<group>"; };
		617BBEE725703EE0005C10E5 /* User.swift */ = {isa = PBXFileReference; lastKnownFileType = sourcecode.swift; path = User.swift; sourceTree = "<group>"; };
		61B2D1B72565811F0010AF26 /* Travelspot.app */ = {isa = PBXFileReference; explicitFileType = wrapper.application; includeInIndex = 0; path = Travelspot.app; sourceTree = BUILT_PRODUCTS_DIR; };
		61B2D1BA2565811F0010AF26 /* AppDelegate.swift */ = {isa = PBXFileReference; lastKnownFileType = sourcecode.swift; path = AppDelegate.swift; sourceTree = "<group>"; };
		61B2D1BC2565811F0010AF26 /* SceneDelegate.swift */ = {isa = PBXFileReference; lastKnownFileType = sourcecode.swift; path = SceneDelegate.swift; sourceTree = "<group>"; };
		61B2D1BE2565811F0010AF26 /* ViewController.swift */ = {isa = PBXFileReference; lastKnownFileType = sourcecode.swift; path = ViewController.swift; sourceTree = "<group>"; };
		61B2D1C12565811F0010AF26 /* Base */ = {isa = PBXFileReference; lastKnownFileType = file.storyboard; name = Base; path = Base.lproj/Main.storyboard; sourceTree = "<group>"; };
		61B2D1C42565811F0010AF26 /* Travelspot.xcdatamodel */ = {isa = PBXFileReference; lastKnownFileType = wrapper.xcdatamodel; path = Travelspot.xcdatamodel; sourceTree = "<group>"; };
		61B2D1C6256581200010AF26 /* Assets.xcassets */ = {isa = PBXFileReference; lastKnownFileType = folder.assetcatalog; path = Assets.xcassets; sourceTree = "<group>"; };
		61B2D1C9256581200010AF26 /* Base */ = {isa = PBXFileReference; lastKnownFileType = file.storyboard; name = Base; path = Base.lproj/LaunchScreen.storyboard; sourceTree = "<group>"; };
		61B2D1CB256581200010AF26 /* Info.plist */ = {isa = PBXFileReference; lastKnownFileType = text.plist.xml; path = Info.plist; sourceTree = "<group>"; };
		61B2D1D0256581200010AF26 /* TravelspotTests.xctest */ = {isa = PBXFileReference; explicitFileType = wrapper.cfbundle; includeInIndex = 0; path = TravelspotTests.xctest; sourceTree = BUILT_PRODUCTS_DIR; };
		61B2D1D4256581200010AF26 /* TravelspotTests.swift */ = {isa = PBXFileReference; lastKnownFileType = sourcecode.swift; path = TravelspotTests.swift; sourceTree = "<group>"; };
		61B2D1D6256581200010AF26 /* Info.plist */ = {isa = PBXFileReference; lastKnownFileType = text.plist.xml; path = Info.plist; sourceTree = "<group>"; };
		61B2D1DB256581200010AF26 /* TravelspotUITests.xctest */ = {isa = PBXFileReference; explicitFileType = wrapper.cfbundle; includeInIndex = 0; path = TravelspotUITests.xctest; sourceTree = BUILT_PRODUCTS_DIR; };
		61B2D1DF256581200010AF26 /* TravelspotUITests.swift */ = {isa = PBXFileReference; lastKnownFileType = sourcecode.swift; path = TravelspotUITests.swift; sourceTree = "<group>"; };
		61B2D1E1256581200010AF26 /* Info.plist */ = {isa = PBXFileReference; lastKnownFileType = text.plist.xml; path = Info.plist; sourceTree = "<group>"; };
		61B2D1F12565B1C60010AF26 /* video.mp4 */ = {isa = PBXFileReference; lastKnownFileType = file; path = video.mp4; sourceTree = "<group>"; };
		6475DC022785CB5402B58B97 /* Pods-Travelspot-TravelspotUITests.debug.xcconfig */ = {isa = PBXFileReference; includeInIndex = 1; lastKnownFileType = text.xcconfig; name = "Pods-Travelspot-TravelspotUITests.debug.xcconfig"; path = "Target Support Files/Pods-Travelspot-TravelspotUITests/Pods-Travelspot-TravelspotUITests.debug.xcconfig"; sourceTree = "<group>"; };
		8B1C7B262FE62D4CA02BBCE8 /* Pods-Travelspot.debug.xcconfig */ = {isa = PBXFileReference; includeInIndex = 1; lastKnownFileType = text.xcconfig; name = "Pods-Travelspot.debug.xcconfig"; path = "Target Support Files/Pods-Travelspot/Pods-Travelspot.debug.xcconfig"; sourceTree = "<group>"; };
		94FE47278282CEDA4BEEF786 /* Pods-Travelspot-TravelspotUITests.release.xcconfig */ = {isa = PBXFileReference; includeInIndex = 1; lastKnownFileType = text.xcconfig; name = "Pods-Travelspot-TravelspotUITests.release.xcconfig"; path = "Target Support Files/Pods-Travelspot-TravelspotUITests/Pods-Travelspot-TravelspotUITests.release.xcconfig"; sourceTree = "<group>"; };
		A2313CA3D6012B6E2121CBA8 /* Pods-TravelspotTests.release.xcconfig */ = {isa = PBXFileReference; includeInIndex = 1; lastKnownFileType = text.xcconfig; name = "Pods-TravelspotTests.release.xcconfig"; path = "Target Support Files/Pods-TravelspotTests/Pods-TravelspotTests.release.xcconfig"; sourceTree = "<group>"; };
		C2858C403839D59413F0B0AA /* libPods-TravelspotTests.a */ = {isa = PBXFileReference; explicitFileType = archive.ar; includeInIndex = 0; path = "libPods-TravelspotTests.a"; sourceTree = BUILT_PRODUCTS_DIR; };
		C940ADB460E392BF811D0DE5 /* libPods-Travelspot-TravelspotUITests.a */ = {isa = PBXFileReference; explicitFileType = archive.ar; includeInIndex = 0; path = "libPods-Travelspot-TravelspotUITests.a"; sourceTree = BUILT_PRODUCTS_DIR; };
		E4922DEFF032732A315E9DA7 /* Pods-Travelspot.release.xcconfig */ = {isa = PBXFileReference; includeInIndex = 1; lastKnownFileType = text.xcconfig; name = "Pods-Travelspot.release.xcconfig"; path = "Target Support Files/Pods-Travelspot/Pods-Travelspot.release.xcconfig"; sourceTree = "<group>"; };
/* End PBXFileReference section */

/* Begin PBXFrameworksBuildPhase section */
		61B2D1B42565811F0010AF26 /* Frameworks */ = {
			isa = PBXFrameworksBuildPhase;
			buildActionMask = 2147483647;
			files = (
				52399C2485494DD6101F002A /* libPods-Travelspot.a in Frameworks */,
			);
			runOnlyForDeploymentPostprocessing = 0;
		};
		61B2D1CD256581200010AF26 /* Frameworks */ = {
			isa = PBXFrameworksBuildPhase;
			buildActionMask = 2147483647;
			files = (
				168A831702D8CA83714FC5B2 /* libPods-TravelspotTests.a in Frameworks */,
			);
			runOnlyForDeploymentPostprocessing = 0;
		};
		61B2D1D8256581200010AF26 /* Frameworks */ = {
			isa = PBXFrameworksBuildPhase;
			buildActionMask = 2147483647;
			files = (
				A169FC64BB959510D157AE75 /* libPods-Travelspot-TravelspotUITests.a in Frameworks */,
			);
			runOnlyForDeploymentPostprocessing = 0;
		};
/* End PBXFrameworksBuildPhase section */

/* Begin PBXGroup section */
		617BBEE625703ECF005C10E5 /* Entities */ = {
			isa = PBXGroup;
			children = (
				617BBEE725703EE0005C10E5 /* User.swift */,
			);
			path = Entities;
			sourceTree = "<group>";
		};
		61B2D1AE2565811F0010AF26 = {
			isa = PBXGroup;
			children = (
				61B2D1B92565811F0010AF26 /* Travelspot */,
				61B2D1D3256581200010AF26 /* TravelspotTests */,
				61B2D1DE256581200010AF26 /* TravelspotUITests */,
				61B2D1B82565811F0010AF26 /* Products */,
				A89A67AFC7AA4E09D34BED0D /* Pods */,
				78208119BE181C7455B17FC7 /* Frameworks */,
				61CA500525698E7A008B660C /* Recovered References */,
			);
			sourceTree = "<group>";
		};
		61B2D1B82565811F0010AF26 /* Products */ = {
			isa = PBXGroup;
			children = (
				61B2D1B72565811F0010AF26 /* Travelspot.app */,
				61B2D1D0256581200010AF26 /* TravelspotTests.xctest */,
				61B2D1DB256581200010AF26 /* TravelspotUITests.xctest */,
			);
			name = Products;
			sourceTree = "<group>";
		};
		61B2D1B92565811F0010AF26 /* Travelspot */ = {
			isa = PBXGroup;
			children = (
				617BBEE625703ECF005C10E5 /* Entities */,
				6162C2BA256F07050056F1DE /* LoginEmail.swift */,
				61B2D1BA2565811F0010AF26 /* AppDelegate.swift */,
				61B2D1BC2565811F0010AF26 /* SceneDelegate.swift */,
				61B2D1BE2565811F0010AF26 /* ViewController.swift */,
				61B2D1C02565811F0010AF26 /* Main.storyboard */,
				615F106E256F8C9A009F8E7B /* ProfileViewController.swift */,
				615F106A256F8C84009F8E7B /* DiscoverViewController.swift */,
				615F1066256F8C73009F8E7B /* AddViewController.swift */,
				615F1062256F8C56009F8E7B /* FeedViewController.swift */,
				615F1054256F8A25009F8E7B /* HomeViewController.swift */,
				61B2D1C6256581200010AF26 /* Assets.xcassets */,
				61B2D1C8256581200010AF26 /* LaunchScreen.storyboard */,
				61B2D1CB256581200010AF26 /* Info.plist */,
				61B2D1C32565811F0010AF26 /* Travelspot.xcdatamodeld */,
				61B2D1F12565B1C60010AF26 /* video.mp4 */,
				615A4CF2256FF57A00ECFD63 /* TabViewViewController.swift */,
			);
			path = Travelspot;
			sourceTree = "<group>";
		};
		61B2D1D3256581200010AF26 /* TravelspotTests */ = {
			isa = PBXGroup;
			children = (
				61B2D1D4256581200010AF26 /* TravelspotTests.swift */,
				61B2D1D6256581200010AF26 /* Info.plist */,
			);
			path = TravelspotTests;
			sourceTree = "<group>";
		};
		61B2D1DE256581200010AF26 /* TravelspotUITests */ = {
			isa = PBXGroup;
			children = (
				61B2D1DF256581200010AF26 /* TravelspotUITests.swift */,
				61B2D1E1256581200010AF26 /* Info.plist */,
			);
			path = TravelspotUITests;
			sourceTree = "<group>";
		};
		61CA500525698E7A008B660C /* Recovered References */ = {
			isa = PBXGroup;
			children = (
			);
			name = "Recovered References";
			sourceTree = "<group>";
		};
		78208119BE181C7455B17FC7 /* Frameworks */ = {
			isa = PBXGroup;
			children = (
				0ADD38F4E63BEF9A9A1C8417 /* libPods-Travelspot.a */,
				C940ADB460E392BF811D0DE5 /* libPods-Travelspot-TravelspotUITests.a */,
				C2858C403839D59413F0B0AA /* libPods-TravelspotTests.a */,
			);
			name = Frameworks;
			sourceTree = "<group>";
		};
		A89A67AFC7AA4E09D34BED0D /* Pods */ = {
			isa = PBXGroup;
			children = (
				8B1C7B262FE62D4CA02BBCE8 /* Pods-Travelspot.debug.xcconfig */,
				E4922DEFF032732A315E9DA7 /* Pods-Travelspot.release.xcconfig */,
				6475DC022785CB5402B58B97 /* Pods-Travelspot-TravelspotUITests.debug.xcconfig */,
				94FE47278282CEDA4BEEF786 /* Pods-Travelspot-TravelspotUITests.release.xcconfig */,
				39E3001A6687727099E1E3F7 /* Pods-TravelspotTests.debug.xcconfig */,
				A2313CA3D6012B6E2121CBA8 /* Pods-TravelspotTests.release.xcconfig */,
			);
			path = Pods;
			sourceTree = "<group>";
		};
/* End PBXGroup section */

/* Begin PBXNativeTarget section */
		61B2D1B62565811F0010AF26 /* Travelspot */ = {
			isa = PBXNativeTarget;
			buildConfigurationList = 61B2D1E4256581200010AF26 /* Build configuration list for PBXNativeTarget "Travelspot" */;
			buildPhases = (
				6A701808E0BF504F6A9D15C4 /* [CP] Check Pods Manifest.lock */,
				61B2D1B32565811F0010AF26 /* Sources */,
				61B2D1B42565811F0010AF26 /* Frameworks */,
				61B2D1B52565811F0010AF26 /* Resources */,
				61CA4FFA25697F51008B660C /* Embed Frameworks */,
				DDEF75B9C0704CE050B52CE2 /* [CP] Copy Pods Resources */,
			);
			buildRules = (
			);
			dependencies = (
			);
			name = Travelspot;
			productName = Travelspot;
			productReference = 61B2D1B72565811F0010AF26 /* Travelspot.app */;
			productType = "com.apple.product-type.application";
		};
		61B2D1CF256581200010AF26 /* TravelspotTests */ = {
			isa = PBXNativeTarget;
			buildConfigurationList = 61B2D1E7256581200010AF26 /* Build configuration list for PBXNativeTarget "TravelspotTests" */;
			buildPhases = (
				5452B7CE105BFC78E0851823 /* [CP] Check Pods Manifest.lock */,
				61B2D1CC256581200010AF26 /* Sources */,
				61B2D1CD256581200010AF26 /* Frameworks */,
				61B2D1CE256581200010AF26 /* Resources */,
			);
			buildRules = (
			);
			dependencies = (
				61B2D1D2256581200010AF26 /* PBXTargetDependency */,
			);
			name = TravelspotTests;
			productName = TravelspotTests;
			productReference = 61B2D1D0256581200010AF26 /* TravelspotTests.xctest */;
			productType = "com.apple.product-type.bundle.unit-test";
		};
		61B2D1DA256581200010AF26 /* TravelspotUITests */ = {
			isa = PBXNativeTarget;
			buildConfigurationList = 61B2D1EA256581200010AF26 /* Build configuration list for PBXNativeTarget "TravelspotUITests" */;
			buildPhases = (
				FD622561DDC285D27394D770 /* [CP] Check Pods Manifest.lock */,
				61B2D1D7256581200010AF26 /* Sources */,
				61B2D1D8256581200010AF26 /* Frameworks */,
				61B2D1D9256581200010AF26 /* Resources */,
				319E04788975B0CAF0EC858B /* [CP] Copy Pods Resources */,
			);
			buildRules = (
			);
			dependencies = (
				61B2D1DD256581200010AF26 /* PBXTargetDependency */,
			);
			name = TravelspotUITests;
			productName = TravelspotUITests;
			productReference = 61B2D1DB256581200010AF26 /* TravelspotUITests.xctest */;
			productType = "com.apple.product-type.bundle.ui-testing";
		};
/* End PBXNativeTarget section */

/* Begin PBXProject section */
		61B2D1AF2565811F0010AF26 /* Project object */ = {
			isa = PBXProject;
			attributes = {
				LastSwiftUpdateCheck = 1220;
				LastUpgradeCheck = 1220;
				TargetAttributes = {
					61B2D1B62565811F0010AF26 = {
						CreatedOnToolsVersion = 12.2;
					};
					61B2D1CF256581200010AF26 = {
						CreatedOnToolsVersion = 12.2;
						TestTargetID = 61B2D1B62565811F0010AF26;
					};
					61B2D1DA256581200010AF26 = {
						CreatedOnToolsVersion = 12.2;
						TestTargetID = 61B2D1B62565811F0010AF26;
					};
				};
			};
			buildConfigurationList = 61B2D1B22565811F0010AF26 /* Build configuration list for PBXProject "Travelspot" */;
			compatibilityVersion = "Xcode 9.3";
			developmentRegion = en;
			hasScannedForEncodings = 0;
			knownRegions = (
				en,
				Base,
			);
			mainGroup = 61B2D1AE2565811F0010AF26;
			productRefGroup = 61B2D1B82565811F0010AF26 /* Products */;
			projectDirPath = "";
			projectRoot = "";
			targets = (
				61B2D1B62565811F0010AF26 /* Travelspot */,
				61B2D1CF256581200010AF26 /* TravelspotTests */,
				61B2D1DA256581200010AF26 /* TravelspotUITests */,
			);
		};
/* End PBXProject section */

/* Begin PBXResourcesBuildPhase section */
		61B2D1B52565811F0010AF26 /* Resources */ = {
			isa = PBXResourcesBuildPhase;
			buildActionMask = 2147483647;
			files = (
				61B2D1CA256581200010AF26 /* LaunchScreen.storyboard in Resources */,
				61B2D1C7256581200010AF26 /* Assets.xcassets in Resources */,
				61B2D1C22565811F0010AF26 /* Main.storyboard in Resources */,
				61B2D1F52565B2380010AF26 /* video.mp4 in Resources */,
			);
			runOnlyForDeploymentPostprocessing = 0;
		};
		61B2D1CE256581200010AF26 /* Resources */ = {
			isa = PBXResourcesBuildPhase;
			buildActionMask = 2147483647;
			files = (
			);
			runOnlyForDeploymentPostprocessing = 0;
		};
		61B2D1D9256581200010AF26 /* Resources */ = {
			isa = PBXResourcesBuildPhase;
			buildActionMask = 2147483647;
			files = (
			);
			runOnlyForDeploymentPostprocessing = 0;
		};
/* End PBXResourcesBuildPhase section */

/* Begin PBXShellScriptBuildPhase section */
		319E04788975B0CAF0EC858B /* [CP] Copy Pods Resources */ = {
			isa = PBXShellScriptBuildPhase;
			buildActionMask = 2147483647;
			files = (
			);
			inputFileListPaths = (
				"${PODS_ROOT}/Target Support Files/Pods-Travelspot-TravelspotUITests/Pods-Travelspot-TravelspotUITests-resources-${CONFIGURATION}-input-files.xcfilelist",
			);
			name = "[CP] Copy Pods Resources";
			outputFileListPaths = (
				"${PODS_ROOT}/Target Support Files/Pods-Travelspot-TravelspotUITests/Pods-Travelspot-TravelspotUITests-resources-${CONFIGURATION}-output-files.xcfilelist",
			);
			runOnlyForDeploymentPostprocessing = 0;
			shellPath = /bin/sh;
			shellScript = "\"${PODS_ROOT}/Target Support Files/Pods-Travelspot-TravelspotUITests/Pods-Travelspot-TravelspotUITests-resources.sh\"\n";
			showEnvVarsInLog = 0;
		};
		5452B7CE105BFC78E0851823 /* [CP] Check Pods Manifest.lock */ = {
			isa = PBXShellScriptBuildPhase;
			buildActionMask = 2147483647;
			files = (
			);
			inputFileListPaths = (
			);
			inputPaths = (
				"${PODS_PODFILE_DIR_PATH}/Podfile.lock",
				"${PODS_ROOT}/Manifest.lock",
			);
			name = "[CP] Check Pods Manifest.lock";
			outputFileListPaths = (
			);
			outputPaths = (
				"$(DERIVED_FILE_DIR)/Pods-TravelspotTests-checkManifestLockResult.txt",
			);
			runOnlyForDeploymentPostprocessing = 0;
			shellPath = /bin/sh;
			shellScript = "diff \"${PODS_PODFILE_DIR_PATH}/Podfile.lock\" \"${PODS_ROOT}/Manifest.lock\" > /dev/null\nif [ $? != 0 ] ; then\n    # print error to STDERR\n    echo \"error: The sandbox is not in sync with the Podfile.lock. Run 'pod install' or update your CocoaPods installation.\" >&2\n    exit 1\nfi\n# This output is used by Xcode 'outputs' to avoid re-running this script phase.\necho \"SUCCESS\" > \"${SCRIPT_OUTPUT_FILE_0}\"\n";
			showEnvVarsInLog = 0;
		};
		6A701808E0BF504F6A9D15C4 /* [CP] Check Pods Manifest.lock */ = {
			isa = PBXShellScriptBuildPhase;
			buildActionMask = 2147483647;
			files = (
			);
			inputFileListPaths = (
			);
			inputPaths = (
				"${PODS_PODFILE_DIR_PATH}/Podfile.lock",
				"${PODS_ROOT}/Manifest.lock",
			);
			name = "[CP] Check Pods Manifest.lock";
			outputFileListPaths = (
			);
			outputPaths = (
				"$(DERIVED_FILE_DIR)/Pods-Travelspot-checkManifestLockResult.txt",
			);
			runOnlyForDeploymentPostprocessing = 0;
			shellPath = /bin/sh;
			shellScript = "diff \"${PODS_PODFILE_DIR_PATH}/Podfile.lock\" \"${PODS_ROOT}/Manifest.lock\" > /dev/null\nif [ $? != 0 ] ; then\n    # print error to STDERR\n    echo \"error: The sandbox is not in sync with the Podfile.lock. Run 'pod install' or update your CocoaPods installation.\" >&2\n    exit 1\nfi\n# This output is used by Xcode 'outputs' to avoid re-running this script phase.\necho \"SUCCESS\" > \"${SCRIPT_OUTPUT_FILE_0}\"\n";
			showEnvVarsInLog = 0;
		};
		DDEF75B9C0704CE050B52CE2 /* [CP] Copy Pods Resources */ = {
			isa = PBXShellScriptBuildPhase;
			buildActionMask = 2147483647;
			files = (
			);
			inputFileListPaths = (
				"${PODS_ROOT}/Target Support Files/Pods-Travelspot/Pods-Travelspot-resources-${CONFIGURATION}-input-files.xcfilelist",
			);
			name = "[CP] Copy Pods Resources";
			outputFileListPaths = (
				"${PODS_ROOT}/Target Support Files/Pods-Travelspot/Pods-Travelspot-resources-${CONFIGURATION}-output-files.xcfilelist",
			);
			runOnlyForDeploymentPostprocessing = 0;
			shellPath = /bin/sh;
			shellScript = "\"${PODS_ROOT}/Target Support Files/Pods-Travelspot/Pods-Travelspot-resources.sh\"\n";
			showEnvVarsInLog = 0;
		};
		FD622561DDC285D27394D770 /* [CP] Check Pods Manifest.lock */ = {
			isa = PBXShellScriptBuildPhase;
			buildActionMask = 2147483647;
			files = (
			);
			inputFileListPaths = (
			);
			inputPaths = (
				"${PODS_PODFILE_DIR_PATH}/Podfile.lock",
				"${PODS_ROOT}/Manifest.lock",
			);
			name = "[CP] Check Pods Manifest.lock";
			outputFileListPaths = (
			);
			outputPaths = (
				"$(DERIVED_FILE_DIR)/Pods-Travelspot-TravelspotUITests-checkManifestLockResult.txt",
			);
			runOnlyForDeploymentPostprocessing = 0;
			shellPath = /bin/sh;
			shellScript = "diff \"${PODS_PODFILE_DIR_PATH}/Podfile.lock\" \"${PODS_ROOT}/Manifest.lock\" > /dev/null\nif [ $? != 0 ] ; then\n    # print error to STDERR\n    echo \"error: The sandbox is not in sync with the Podfile.lock. Run 'pod install' or update your CocoaPods installation.\" >&2\n    exit 1\nfi\n# This output is used by Xcode 'outputs' to avoid re-running this script phase.\necho \"SUCCESS\" > \"${SCRIPT_OUTPUT_FILE_0}\"\n";
			showEnvVarsInLog = 0;
		};
/* End PBXShellScriptBuildPhase section */

/* Begin PBXSourcesBuildPhase section */
		61B2D1B32565811F0010AF26 /* Sources */ = {
			isa = PBXSourcesBuildPhase;
			buildActionMask = 2147483647;
			files = (
				615F106B256F8C84009F8E7B /* DiscoverViewController.swift in Sources */,
				61B2D1BF2565811F0010AF26 /* ViewController.swift in Sources */,
				615F106F256F8C9A009F8E7B /* ProfileViewController.swift in Sources */,
				61B2D1BB2565811F0010AF26 /* AppDelegate.swift in Sources */,
				615F1067256F8C73009F8E7B /* AddViewController.swift in Sources */,
				61B2D1BD2565811F0010AF26 /* SceneDelegate.swift in Sources */,
				61B2D1C52565811F0010AF26 /* Travelspot.xcdatamodeld in Sources */,
				615A4CF3256FF57A00ECFD63 /* TabViewViewController.swift in Sources */,
				617BBEE825703EE0005C10E5 /* User.swift in Sources */,
				6162C2BB256F070B0056F1DE /* LoginEmail.swift in Sources */,
				615F1055256F8A25009F8E7B /* HomeViewController.swift in Sources */,
				615F1063256F8C56009F8E7B /* FeedViewController.swift in Sources */,
			);
			runOnlyForDeploymentPostprocessing = 0;
		};
		61B2D1CC256581200010AF26 /* Sources */ = {
			isa = PBXSourcesBuildPhase;
			buildActionMask = 2147483647;
			files = (
				61B2D1D5256581200010AF26 /* TravelspotTests.swift in Sources */,
			);
			runOnlyForDeploymentPostprocessing = 0;
		};
		61B2D1D7256581200010AF26 /* Sources */ = {
			isa = PBXSourcesBuildPhase;
			buildActionMask = 2147483647;
			files = (
				61B2D1E0256581200010AF26 /* TravelspotUITests.swift in Sources */,
			);
			runOnlyForDeploymentPostprocessing = 0;
		};
/* End PBXSourcesBuildPhase section */

/* Begin PBXTargetDependency section */
		61B2D1D2256581200010AF26 /* PBXTargetDependency */ = {
			isa = PBXTargetDependency;
			target = 61B2D1B62565811F0010AF26 /* Travelspot */;
			targetProxy = 61B2D1D1256581200010AF26 /* PBXContainerItemProxy */;
		};
		61B2D1DD256581200010AF26 /* PBXTargetDependency */ = {
			isa = PBXTargetDependency;
			target = 61B2D1B62565811F0010AF26 /* Travelspot */;
			targetProxy = 61B2D1DC256581200010AF26 /* PBXContainerItemProxy */;
		};
/* End PBXTargetDependency section */

/* Begin PBXVariantGroup section */
		61B2D1C02565811F0010AF26 /* Main.storyboard */ = {
			isa = PBXVariantGroup;
			children = (
				61B2D1C12565811F0010AF26 /* Base */,
			);
			name = Main.storyboard;
			sourceTree = "<group>";
		};
		61B2D1C8256581200010AF26 /* LaunchScreen.storyboard */ = {
			isa = PBXVariantGroup;
			children = (
				61B2D1C9256581200010AF26 /* Base */,
			);
			name = LaunchScreen.storyboard;
			sourceTree = "<group>";
		};
/* End PBXVariantGroup section */

/* Begin XCBuildConfiguration section */
		61B2D1E2256581200010AF26 /* Debug */ = {
			isa = XCBuildConfiguration;
			buildSettings = {
				ALWAYS_SEARCH_USER_PATHS = NO;
				CLANG_ANALYZER_NONNULL = YES;
				CLANG_ANALYZER_NUMBER_OBJECT_CONVERSION = YES_AGGRESSIVE;
				CLANG_CXX_LANGUAGE_STANDARD = "gnu++14";
				CLANG_CXX_LIBRARY = "libc++";
				CLANG_ENABLE_MODULES = YES;
				CLANG_ENABLE_OBJC_ARC = YES;
				CLANG_ENABLE_OBJC_WEAK = YES;
				CLANG_WARN_BLOCK_CAPTURE_AUTORELEASING = YES;
				CLANG_WARN_BOOL_CONVERSION = YES;
				CLANG_WARN_COMMA = YES;
				CLANG_WARN_CONSTANT_CONVERSION = YES;
				CLANG_WARN_DEPRECATED_OBJC_IMPLEMENTATIONS = YES;
				CLANG_WARN_DIRECT_OBJC_ISA_USAGE = YES_ERROR;
				CLANG_WARN_DOCUMENTATION_COMMENTS = YES;
				CLANG_WARN_EMPTY_BODY = YES;
				CLANG_WARN_ENUM_CONVERSION = YES;
				CLANG_WARN_INFINITE_RECURSION = YES;
				CLANG_WARN_INT_CONVERSION = YES;
				CLANG_WARN_NON_LITERAL_NULL_CONVERSION = YES;
				CLANG_WARN_OBJC_IMPLICIT_RETAIN_SELF = YES;
				CLANG_WARN_OBJC_LITERAL_CONVERSION = YES;
				CLANG_WARN_OBJC_ROOT_CLASS = YES_ERROR;
				CLANG_WARN_QUOTED_INCLUDE_IN_FRAMEWORK_HEADER = YES;
				CLANG_WARN_RANGE_LOOP_ANALYSIS = YES;
				CLANG_WARN_STRICT_PROTOTYPES = YES;
				CLANG_WARN_SUSPICIOUS_MOVE = YES;
				CLANG_WARN_UNGUARDED_AVAILABILITY = YES_AGGRESSIVE;
				CLANG_WARN_UNREACHABLE_CODE = YES;
				CLANG_WARN__DUPLICATE_METHOD_MATCH = YES;
				COPY_PHASE_STRIP = NO;
				DEBUG_INFORMATION_FORMAT = dwarf;
				ENABLE_STRICT_OBJC_MSGSEND = YES;
				ENABLE_TESTABILITY = YES;
				GCC_C_LANGUAGE_STANDARD = gnu11;
				GCC_DYNAMIC_NO_PIC = NO;
				GCC_NO_COMMON_BLOCKS = YES;
				GCC_OPTIMIZATION_LEVEL = 0;
				GCC_PREPROCESSOR_DEFINITIONS = (
					"DEBUG=1",
					"$(inherited)",
				);
				GCC_WARN_64_TO_32_BIT_CONVERSION = YES;
				GCC_WARN_ABOUT_RETURN_TYPE = YES_ERROR;
				GCC_WARN_UNDECLARED_SELECTOR = YES;
				GCC_WARN_UNINITIALIZED_AUTOS = YES_AGGRESSIVE;
				GCC_WARN_UNUSED_FUNCTION = YES;
				GCC_WARN_UNUSED_VARIABLE = YES;
				IPHONEOS_DEPLOYMENT_TARGET = 13.3;
				MTL_ENABLE_DEBUG_INFO = INCLUDE_SOURCE;
				MTL_FAST_MATH = YES;
				ONLY_ACTIVE_ARCH = YES;
				SDKROOT = iphoneos;
				SWIFT_ACTIVE_COMPILATION_CONDITIONS = DEBUG;
				SWIFT_OPTIMIZATION_LEVEL = "-Onone";
			};
			name = Debug;
		};
		61B2D1E3256581200010AF26 /* Release */ = {
			isa = XCBuildConfiguration;
			buildSettings = {
				ALWAYS_SEARCH_USER_PATHS = NO;
				CLANG_ANALYZER_NONNULL = YES;
				CLANG_ANALYZER_NUMBER_OBJECT_CONVERSION = YES_AGGRESSIVE;
				CLANG_CXX_LANGUAGE_STANDARD = "gnu++14";
				CLANG_CXX_LIBRARY = "libc++";
				CLANG_ENABLE_MODULES = YES;
				CLANG_ENABLE_OBJC_ARC = YES;
				CLANG_ENABLE_OBJC_WEAK = YES;
				CLANG_WARN_BLOCK_CAPTURE_AUTORELEASING = YES;
				CLANG_WARN_BOOL_CONVERSION = YES;
				CLANG_WARN_COMMA = YES;
				CLANG_WARN_CONSTANT_CONVERSION = YES;
				CLANG_WARN_DEPRECATED_OBJC_IMPLEMENTATIONS = YES;
				CLANG_WARN_DIRECT_OBJC_ISA_USAGE = YES_ERROR;
				CLANG_WARN_DOCUMENTATION_COMMENTS = YES;
				CLANG_WARN_EMPTY_BODY = YES;
				CLANG_WARN_ENUM_CONVERSION = YES;
				CLANG_WARN_INFINITE_RECURSION = YES;
				CLANG_WARN_INT_CONVERSION = YES;
				CLANG_WARN_NON_LITERAL_NULL_CONVERSION = YES;
				CLANG_WARN_OBJC_IMPLICIT_RETAIN_SELF = YES;
				CLANG_WARN_OBJC_LITERAL_CONVERSION = YES;
				CLANG_WARN_OBJC_ROOT_CLASS = YES_ERROR;
				CLANG_WARN_QUOTED_INCLUDE_IN_FRAMEWORK_HEADER = YES;
				CLANG_WARN_RANGE_LOOP_ANALYSIS = YES;
				CLANG_WARN_STRICT_PROTOTYPES = YES;
				CLANG_WARN_SUSPICIOUS_MOVE = YES;
				CLANG_WARN_UNGUARDED_AVAILABILITY = YES_AGGRESSIVE;
				CLANG_WARN_UNREACHABLE_CODE = YES;
				CLANG_WARN__DUPLICATE_METHOD_MATCH = YES;
				COPY_PHASE_STRIP = NO;
				DEBUG_INFORMATION_FORMAT = "dwarf-with-dsym";
				ENABLE_NS_ASSERTIONS = NO;
				ENABLE_STRICT_OBJC_MSGSEND = YES;
				GCC_C_LANGUAGE_STANDARD = gnu11;
				GCC_NO_COMMON_BLOCKS = YES;
				GCC_WARN_64_TO_32_BIT_CONVERSION = YES;
				GCC_WARN_ABOUT_RETURN_TYPE = YES_ERROR;
				GCC_WARN_UNDECLARED_SELECTOR = YES;
				GCC_WARN_UNINITIALIZED_AUTOS = YES_AGGRESSIVE;
				GCC_WARN_UNUSED_FUNCTION = YES;
				GCC_WARN_UNUSED_VARIABLE = YES;
				IPHONEOS_DEPLOYMENT_TARGET = 13.3;
				MTL_ENABLE_DEBUG_INFO = NO;
				MTL_FAST_MATH = YES;
				SDKROOT = iphoneos;
				SWIFT_COMPILATION_MODE = wholemodule;
				SWIFT_OPTIMIZATION_LEVEL = "-O";
				VALIDATE_PRODUCT = YES;
			};
			name = Release;
		};
		61B2D1E5256581200010AF26 /* Debug */ = {
			isa = XCBuildConfiguration;
			baseConfigurationReference = 8B1C7B262FE62D4CA02BBCE8 /* Pods-Travelspot.debug.xcconfig */;
			buildSettings = {
				ASSETCATALOG_COMPILER_APPICON_NAME = AppIcon;
				ASSETCATALOG_COMPILER_GLOBAL_ACCENT_COLOR_NAME = AccentColor;
				CODE_SIGN_STYLE = Automatic;
				DEVELOPMENT_TEAM = 5K22X29VL3;
				INFOPLIST_FILE = Travelspot/Info.plist;
				LD_RUNPATH_SEARCH_PATHS = (
					"$(inherited)",
					"@executable_path/Frameworks",
				);
				PRODUCT_BUNDLE_IDENTIFIER = com.travelspot.Travelspot;
				PRODUCT_NAME = "$(TARGET_NAME)";
				SWIFT_VERSION = 5.0;
				TARGETED_DEVICE_FAMILY = "1,2";
			};
			name = Debug;
		};
		61B2D1E6256581200010AF26 /* Release */ = {
			isa = XCBuildConfiguration;
			baseConfigurationReference = E4922DEFF032732A315E9DA7 /* Pods-Travelspot.release.xcconfig */;
			buildSettings = {
				ASSETCATALOG_COMPILER_APPICON_NAME = AppIcon;
				ASSETCATALOG_COMPILER_GLOBAL_ACCENT_COLOR_NAME = AccentColor;
				CODE_SIGN_STYLE = Automatic;
				DEVELOPMENT_TEAM = 5K22X29VL3;
				INFOPLIST_FILE = Travelspot/Info.plist;
				LD_RUNPATH_SEARCH_PATHS = (
					"$(inherited)",
					"@executable_path/Frameworks",
				);
				PRODUCT_BUNDLE_IDENTIFIER = com.travelspot.Travelspot;
				PRODUCT_NAME = "$(TARGET_NAME)";
				SWIFT_VERSION = 5.0;
				TARGETED_DEVICE_FAMILY = "1,2";
			};
			name = Release;
		};
		61B2D1E8256581200010AF26 /* Debug */ = {
			isa = XCBuildConfiguration;
			baseConfigurationReference = 39E3001A6687727099E1E3F7 /* Pods-TravelspotTests.debug.xcconfig */;
			buildSettings = {
				ALWAYS_EMBED_SWIFT_STANDARD_LIBRARIES = YES;
				BUNDLE_LOADER = "$(TEST_HOST)";
				CODE_SIGN_STYLE = Automatic;
				DEVELOPMENT_TEAM = 5K22X29VL3;
				INFOPLIST_FILE = TravelspotTests/Info.plist;
				IPHONEOS_DEPLOYMENT_TARGET = 14.2;
				LD_RUNPATH_SEARCH_PATHS = (
					"$(inherited)",
					"@executable_path/Frameworks",
					"@loader_path/Frameworks",
				);
				PRODUCT_BUNDLE_IDENTIFIER = com.travelspot.TravelspotTests;
				PRODUCT_NAME = "$(TARGET_NAME)";
				SWIFT_VERSION = 5.0;
				TARGETED_DEVICE_FAMILY = "1,2";
				TEST_HOST = "$(BUILT_PRODUCTS_DIR)/Travelspot.app/Travelspot";
			};
			name = Debug;
		};
		61B2D1E9256581200010AF26 /* Release */ = {
			isa = XCBuildConfiguration;
			baseConfigurationReference = A2313CA3D6012B6E2121CBA8 /* Pods-TravelspotTests.release.xcconfig */;
			buildSettings = {
				ALWAYS_EMBED_SWIFT_STANDARD_LIBRARIES = YES;
				BUNDLE_LOADER = "$(TEST_HOST)";
				CODE_SIGN_STYLE = Automatic;
				DEVELOPMENT_TEAM = 5K22X29VL3;
				INFOPLIST_FILE = TravelspotTests/Info.plist;
				IPHONEOS_DEPLOYMENT_TARGET = 14.2;
				LD_RUNPATH_SEARCH_PATHS = (
					"$(inherited)",
					"@executable_path/Frameworks",
					"@loader_path/Frameworks",
				);
				PRODUCT_BUNDLE_IDENTIFIER = com.travelspot.TravelspotTests;
				PRODUCT_NAME = "$(TARGET_NAME)";
				SWIFT_VERSION = 5.0;
				TARGETED_DEVICE_FAMILY = "1,2";
				TEST_HOST = "$(BUILT_PRODUCTS_DIR)/Travelspot.app/Travelspot";
			};
			name = Release;
		};
		61B2D1EB256581200010AF26 /* Debug */ = {
			isa = XCBuildConfiguration;
			baseConfigurationReference = 6475DC022785CB5402B58B97 /* Pods-Travelspot-TravelspotUITests.debug.xcconfig */;
			buildSettings = {
				ALWAYS_EMBED_SWIFT_STANDARD_LIBRARIES = YES;
				CODE_SIGN_STYLE = Automatic;
				DEVELOPMENT_TEAM = 5K22X29VL3;
				INFOPLIST_FILE = TravelspotUITests/Info.plist;
				LD_RUNPATH_SEARCH_PATHS = (
					"$(inherited)",
					"@executable_path/Frameworks",
					"@loader_path/Frameworks",
				);
				PRODUCT_BUNDLE_IDENTIFIER = com.travelspot.TravelspotUITests;
				PRODUCT_NAME = "$(TARGET_NAME)";
				SWIFT_VERSION = 5.0;
				TARGETED_DEVICE_FAMILY = "1,2";
				TEST_TARGET_NAME = Travelspot;
			};
			name = Debug;
		};
		61B2D1EC256581200010AF26 /* Release */ = {
			isa = XCBuildConfiguration;
			baseConfigurationReference = 94FE47278282CEDA4BEEF786 /* Pods-Travelspot-TravelspotUITests.release.xcconfig */;
			buildSettings = {
				ALWAYS_EMBED_SWIFT_STANDARD_LIBRARIES = YES;
				CODE_SIGN_STYLE = Automatic;
				DEVELOPMENT_TEAM = 5K22X29VL3;
				INFOPLIST_FILE = TravelspotUITests/Info.plist;
				LD_RUNPATH_SEARCH_PATHS = (
					"$(inherited)",
					"@executable_path/Frameworks",
					"@loader_path/Frameworks",
				);
				PRODUCT_BUNDLE_IDENTIFIER = com.travelspot.TravelspotUITests;
				PRODUCT_NAME = "$(TARGET_NAME)";
				SWIFT_VERSION = 5.0;
				TARGETED_DEVICE_FAMILY = "1,2";
				TEST_TARGET_NAME = Travelspot;
			};
			name = Release;
		};
/* End XCBuildConfiguration section */

/* Begin XCConfigurationList section */
		61B2D1B22565811F0010AF26 /* Build configuration list for PBXProject "Travelspot" */ = {
			isa = XCConfigurationList;
			buildConfigurations = (
				61B2D1E2256581200010AF26 /* Debug */,
				61B2D1E3256581200010AF26 /* Release */,
			);
			defaultConfigurationIsVisible = 0;
			defaultConfigurationName = Release;
		};
		61B2D1E4256581200010AF26 /* Build configuration list for PBXNativeTarget "Travelspot" */ = {
			isa = XCConfigurationList;
			buildConfigurations = (
				61B2D1E5256581200010AF26 /* Debug */,
				61B2D1E6256581200010AF26 /* Release */,
			);
			defaultConfigurationIsVisible = 0;
			defaultConfigurationName = Release;
		};
		61B2D1E7256581200010AF26 /* Build configuration list for PBXNativeTarget "TravelspotTests" */ = {
			isa = XCConfigurationList;
			buildConfigurations = (
				61B2D1E8256581200010AF26 /* Debug */,
				61B2D1E9256581200010AF26 /* Release */,
			);
			defaultConfigurationIsVisible = 0;
			defaultConfigurationName = Release;
		};
		61B2D1EA256581200010AF26 /* Build configuration list for PBXNativeTarget "TravelspotUITests" */ = {
			isa = XCConfigurationList;
			buildConfigurations = (
				61B2D1EB256581200010AF26 /* Debug */,
				61B2D1EC256581200010AF26 /* Release */,
			);
			defaultConfigurationIsVisible = 0;
			defaultConfigurationName = Release;
		};
/* End XCConfigurationList section */

/* Begin XCVersionGroup section */
		61B2D1C32565811F0010AF26 /* Travelspot.xcdatamodeld */ = {
			isa = XCVersionGroup;
			children = (
				61B2D1C42565811F0010AF26 /* Travelspot.xcdatamodel */,
			);
			currentVersion = 61B2D1C42565811F0010AF26 /* Travelspot.xcdatamodel */;
			path = Travelspot.xcdatamodeld;
			sourceTree = "<group>";
			versionGroupType = wrapper.xcdatamodel;
		};
/* End XCVersionGroup section */
	};
	rootObject = 61B2D1AF2565811F0010AF26 /* Project object */;
}
